<?xml version="1.0" encoding="UTF-8" standalone="yes" ?>
<CodeBlocks_project_file>
   <FileVersion major="1" minor="6" />
   <Project>
      <Option title="CGDI_Project" />
      <Option makefile_is_custom="1" />
      <Option compiler="gcc" />
      <Option virtualFolders="CMake Files\;CMake Files\..\;CMake Files\..\..\;CMake Files\..\..\..\;CMake Files\..\..\..\..\;CMake Files\..\..\..\..\..\;CMake Files\..\..\..\..\..\usr\;CMake Files\..\..\..\..\..\usr\local\;CMake Files\..\..\..\..\..\usr\local\lib\;CMake Files\..\..\..\..\..\usr\local\lib\DGtal\;CMake Files\..\..\..\..\..\usr\lib\;CMake Files\..\..\..\..\..\usr\lib\x86_64-linux-gnu\;CMake Files\..\..\..\..\..\usr\lib\x86_64-linux-gnu\cmake\;CMake Files\..\..\..\..\..\usr\lib\x86_64-linux-gnu\cmake\Qt5\;CMake Files\..\..\..\..\..\usr\lib\x86_64-linux-gnu\cmake\Qt5Widgets\;CMake Files\..\..\..\..\..\usr\lib\x86_64-linux-gnu\cmake\Qt5Gui\;CMake Files\..\..\..\..\..\usr\lib\x86_64-linux-gnu\cmake\Qt5Core\;CMake Files\..\..\..\..\..\usr\lib\x86_64-linux-gnu\cmake\Qt5OpenGL\;CMake Files\..\..\..\..\..\usr\lib\x86_64-linux-gnu\cmake\Qt5Xml\;" />
      <Build>
      <Target title="all">
         <Option working_dir="/home/remi/ENS/CGDI/CGDI_Project" />
         <Option type="4" />
         <MakeCommands>
            <Build command="/usr/bin/make -f &quot;/home/remi/ENS/CGDI/CGDI_Project/Makefile&quot;  VERBOSE=1 all" />
            <CompileFile command="/usr/bin/make -f &quot;/home/remi/ENS/CGDI/CGDI_Project/Makefile&quot;  VERBOSE=1 &quot;$file&quot;" />
            <Clean command="/usr/bin/make -f &quot;/home/remi/ENS/CGDI/CGDI_Project/Makefile&quot;  VERBOSE=1 clean" />
            <DistClean command="/usr/bin/make -f &quot;/home/remi/ENS/CGDI/CGDI_Project/Makefile&quot;  VERBOSE=1 clean" />
         </MakeCommands>
      </Target>
      <Target title="rebuild_cache">
         <Option working_dir="/home/remi/ENS/CGDI/CGDI_Project" />
         <Option type="4" />
         <MakeCommands>
            <Build command="/usr/bin/make -f &quot;/home/remi/ENS/CGDI/CGDI_Project/Makefile&quot;  VERBOSE=1 rebuild_cache" />
            <CompileFile command="/usr/bin/make -f &quot;/home/remi/ENS/CGDI/CGDI_Project/Makefile&quot;  VERBOSE=1 &quot;$file&quot;" />
            <Clean command="/usr/bin/make -f &quot;/home/remi/ENS/CGDI/CGDI_Project/Makefile&quot;  VERBOSE=1 clean" />
            <DistClean command="/usr/bin/make -f &quot;/home/remi/ENS/CGDI/CGDI_Project/Makefile&quot;  VERBOSE=1 clean" />
         </MakeCommands>
      </Target>
      <Target title="edit_cache">
         <Option working_dir="/home/remi/ENS/CGDI/CGDI_Project" />
         <Option type="4" />
         <MakeCommands>
            <Build command="/usr/bin/make -f &quot;/home/remi/ENS/CGDI/CGDI_Project/Makefile&quot;  VERBOSE=1 edit_cache" />
            <CompileFile command="/usr/bin/make -f &quot;/home/remi/ENS/CGDI/CGDI_Project/Makefile&quot;  VERBOSE=1 &quot;$file&quot;" />
            <Clean command="/usr/bin/make -f &quot;/home/remi/ENS/CGDI/CGDI_Project/Makefile&quot;  VERBOSE=1 clean" />
            <DistClean command="/usr/bin/make -f &quot;/home/remi/ENS/CGDI/CGDI_Project/Makefile&quot;  VERBOSE=1 clean" />
         </MakeCommands>
      </Target>
      <Target title="CGDI_Project">
         <Option output="/home/remi/ENS/CGDI/CGDI_Project/CGDI_Project" prefix_auto="0" extension_auto="0" />
         <Option working_dir="/home/remi/ENS/CGDI/CGDI_Project" />
         <Option object_output="./" />
         <Option type="1" />
         <Option compiler="gcc" />
         <Compiler>
            <Add option="-DUNIX" />
            <Add option="-DWITH_QT5" />
            <Add option="-DQT_WIDGETS_LIB" />
            <Add option="-DQT_GUI_LIB" />
            <Add option="-DQT_CORE_LIB" />
            <Add option="-DQT_OPENGL_LIB" />
            <Add option="-DQT_XML_LIB" />
            <Add directory="/usr/include" />
            <Add directory="/usr/include/c++/5" />
            <Add directory="/usr/include/c++/5/backward" />
            <Add directory="/usr/include/x86_64-linux-gnu" />
            <Add directory="/usr/include/x86_64-linux-gnu/c++/5" />
            <Add directory="/usr/include/x86_64-linux-gnu/qt5" />
            <Add directory="/usr/include/x86_64-linux-gnu/qt5/QtCore" />
            <Add directory="/usr/include/x86_64-linux-gnu/qt5/QtGui" />
            <Add directory="/usr/include/x86_64-linux-gnu/qt5/QtOpenGL" />
            <Add directory="/usr/include/x86_64-linux-gnu/qt5/QtWidgets" />
            <Add directory="/usr/include/x86_64-linux-gnu/qt5/QtXml" />
            <Add directory="/usr/lib/gcc/x86_64-linux-gnu/5/include" />
            <Add directory="/usr/lib/gcc/x86_64-linux-gnu/5/include-fixed" />
            <Add directory="/usr/lib/x86_64-linux-gnu/qt5/mkspecs/linux-g++-64" />
            <Add directory="/usr/local/include" />
         </Compiler>
         <MakeCommands>
            <Build command="/usr/bin/make -f &quot;/home/remi/ENS/CGDI/CGDI_Project/Makefile&quot;  VERBOSE=1 CGDI_Project" />
            <CompileFile command="/usr/bin/make -f &quot;/home/remi/ENS/CGDI/CGDI_Project/Makefile&quot;  VERBOSE=1 &quot;$file&quot;" />
            <Clean command="/usr/bin/make -f &quot;/home/remi/ENS/CGDI/CGDI_Project/Makefile&quot;  VERBOSE=1 clean" />
            <DistClean command="/usr/bin/make -f &quot;/home/remi/ENS/CGDI/CGDI_Project/Makefile&quot;  VERBOSE=1 clean" />
         </MakeCommands>
      </Target>
      <Target title="CGDI_Project/fast">
         <Option output="/home/remi/ENS/CGDI/CGDI_Project/CGDI_Project" prefix_auto="0" extension_auto="0" />
         <Option working_dir="/home/remi/ENS/CGDI/CGDI_Project" />
         <Option object_output="./" />
         <Option type="1" />
         <Option compiler="gcc" />
         <Compiler>
            <Add option="-DUNIX" />
            <Add option="-DWITH_QT5" />
            <Add option="-DQT_WIDGETS_LIB" />
            <Add option="-DQT_GUI_LIB" />
            <Add option="-DQT_CORE_LIB" />
            <Add option="-DQT_OPENGL_LIB" />
            <Add option="-DQT_XML_LIB" />
            <Add directory="/usr/include" />
            <Add directory="/usr/include/c++/5" />
            <Add directory="/usr/include/c++/5/backward" />
            <Add directory="/usr/include/x86_64-linux-gnu" />
            <Add directory="/usr/include/x86_64-linux-gnu/c++/5" />
            <Add directory="/usr/include/x86_64-linux-gnu/qt5" />
            <Add directory="/usr/include/x86_64-linux-gnu/qt5/QtCore" />
            <Add directory="/usr/include/x86_64-linux-gnu/qt5/QtGui" />
            <Add directory="/usr/include/x86_64-linux-gnu/qt5/QtOpenGL" />
            <Add directory="/usr/include/x86_64-linux-gnu/qt5/QtWidgets" />
            <Add directory="/usr/include/x86_64-linux-gnu/qt5/QtXml" />
            <Add directory="/usr/lib/gcc/x86_64-linux-gnu/5/include" />
            <Add directory="/usr/lib/gcc/x86_64-linux-gnu/5/include-fixed" />
            <Add directory="/usr/lib/x86_64-linux-gnu/qt5/mkspecs/linux-g++-64" />
            <Add directory="/usr/local/include" />
         </Compiler>
         <MakeCommands>
            <Build command="/usr/bin/make -f &quot;/home/remi/ENS/CGDI/CGDI_Project/Makefile&quot;  VERBOSE=1 CGDI_Project/fast" />
            <CompileFile command="/usr/bin/make -f &quot;/home/remi/ENS/CGDI/CGDI_Project/Makefile&quot;  VERBOSE=1 &quot;$file&quot;" />
            <Clean command="/usr/bin/make -f &quot;/home/remi/ENS/CGDI/CGDI_Project/Makefile&quot;  VERBOSE=1 clean" />
            <DistClean command="/usr/bin/make -f &quot;/home/remi/ENS/CGDI/CGDI_Project/Makefile&quot;  VERBOSE=1 clean" />
         </MakeCommands>
      </Target>
      </Build>
      <Unit filename="/home/remi/ENS/CGDI/CGDI_Project/README.md">
         <Option target="CGDI_Project"/>
      </Unit>
      <Unit filename="/home/remi/ENS/CGDI/CGDI_Project/ideas.txt">
         <Option target="CGDI_Project"/>
      </Unit>
      <Unit filename="/home/remi/ENS/CGDI/CGDI_Project/src/DSS.cpp">
         <Option target="CGDI_Project"/>
      </Unit>
      <Unit filename="/home/remi/ENS/CGDI/CGDI_Project/src/DSS.hpp">
         <Option target="CGDI_Project"/>
      </Unit>
      <Unit filename="/home/remi/ENS/CGDI/CGDI_Project/src/Image.cpp">
         <Option target="CGDI_Project"/>
      </Unit>
      <Unit filename="/home/remi/ENS/CGDI/CGDI_Project/src/Image.hpp">
         <Option target="CGDI_Project"/>
      </Unit>
      <Unit filename="/home/remi/ENS/CGDI/CGDI_Project/src/ImageClass.cpp">
         <Option target="CGDI_Project"/>
      </Unit>
      <Unit filename="/home/remi/ENS/CGDI/CGDI_Project/src/ImageClass.h">
         <Option target="CGDI_Project"/>
      </Unit>
      <Unit filename="/home/remi/ENS/CGDI/CGDI_Project/src/KNearestNeighbours.cpp">
         <Option target="CGDI_Project"/>
      </Unit>
      <Unit filename="/home/remi/ENS/CGDI/CGDI_Project/src/KNearestNeighbours.h">
         <Option target="CGDI_Project"/>
      </Unit>
      <Unit filename="/home/remi/ENS/CGDI/CGDI_Project/src/Pixel.cpp">
         <Option target="CGDI_Project"/>
      </Unit>
      <Unit filename="/home/remi/ENS/CGDI/CGDI_Project/src/Pixel.hpp">
         <Option target="CGDI_Project"/>
      </Unit>
      <Unit filename="/home/remi/ENS/CGDI/CGDI_Project/src/Util.cpp">
         <Option target="CGDI_Project"/>
      </Unit>
      <Unit filename="/home/remi/ENS/CGDI/CGDI_Project/src/Util.hpp">
         <Option target="CGDI_Project"/>
      </Unit>
      <Unit filename="/home/remi/ENS/CGDI/CGDI_Project/src/main.cpp">
         <Option target="CGDI_Project"/>
      </Unit>
      <Unit filename="/home/remi/ENS/CGDI/CGDI_Project/CMakeLists.txt">
          <Option virtualFolder="CMake Files\" />
      </Unit>
      <Unit filename="/home/remi/ENS/CGDI/CGDI_Project/../../../../../usr/local/lib/DGtal/DGtalConfigVersion.cmake">
          <Option virtualFolder="CMake Files\..\..\..\..\..\usr\local\lib\DGtal\" />
      </Unit>
      <Unit filename="/home/remi/ENS/CGDI/CGDI_Project/../../../../../usr/local/lib/DGtal/DGtalConfig.cmake">
          <Option virtualFolder="CMake Files\..\..\..\..\..\usr\local\lib\DGtal\" />
      </Unit>
      <Unit filename="/home/remi/ENS/CGDI/CGDI_Project/../../../../../usr/local/lib/DGtal/DGtalLibraryDepends.cmake">
          <Option virtualFolder="CMake Files\..\..\..\..\..\usr\local\lib\DGtal\" />
      </Unit>
      <Unit filename="/home/remi/ENS/CGDI/CGDI_Project/../../../../../usr/local/lib/DGtal/DGtalLibraryDepends-noconfig.cmake">
          <Option virtualFolder="CMake Files\..\..\..\..\..\usr\local\lib\DGtal\" />
      </Unit>
      <Unit filename="/home/remi/ENS/CGDI/CGDI_Project/../../../../../usr/local/lib/DGtal/cpp11_check.cpp">
          <Option virtualFolder="CMake Files\..\..\..\..\..\usr\local\lib\DGtal\" />
      </Unit>
      <Unit filename="/home/remi/ENS/CGDI/CGDI_Project/../../../../../usr/lib/x86_64-linux-gnu/cmake/Qt5/Qt5ConfigVersion.cmake">
          <Option virtualFolder="CMake Files\..\..\..\..\..\usr\lib\x86_64-linux-gnu\cmake\Qt5\" />
      </Unit>
      <Unit filename="/home/remi/ENS/CGDI/CGDI_Project/../../../../../usr/lib/x86_64-linux-gnu/cmake/Qt5/Qt5Config.cmake">
          <Option virtualFolder="CMake Files\..\..\..\..\..\usr\lib\x86_64-linux-gnu\cmake\Qt5\" />
      </Unit>
      <Unit filename="/home/remi/ENS/CGDI/CGDI_Project/../../../../../usr/lib/x86_64-linux-gnu/cmake/Qt5Widgets/Qt5WidgetsConfigVersion.cmake">
          <Option virtualFolder="CMake Files\..\..\..\..\..\usr\lib\x86_64-linux-gnu\cmake\Qt5Widgets\" />
      </Unit>
      <Unit filename="/home/remi/ENS/CGDI/CGDI_Project/../../../../../usr/lib/x86_64-linux-gnu/cmake/Qt5Widgets/Qt5WidgetsConfig.cmake">
          <Option virtualFolder="CMake Files\..\..\..\..\..\usr\lib\x86_64-linux-gnu\cmake\Qt5Widgets\" />
      </Unit>
      <Unit filename="/home/remi/ENS/CGDI/CGDI_Project/../../../../../usr/lib/x86_64-linux-gnu/cmake/Qt5Widgets/Qt5WidgetsConfigExtras.cmake">
          <Option virtualFolder="CMake Files\..\..\..\..\..\usr\lib\x86_64-linux-gnu\cmake\Qt5Widgets\" />
      </Unit>
      <Unit filename="/home/remi/ENS/CGDI/CGDI_Project/../../../../../usr/lib/x86_64-linux-gnu/cmake/Qt5Widgets/Qt5WidgetsMacros.cmake">
          <Option virtualFolder="CMake Files\..\..\..\..\..\usr\lib\x86_64-linux-gnu\cmake\Qt5Widgets\" />
      </Unit>
      <Unit filename="/home/remi/ENS/CGDI/CGDI_Project/../../../../../usr/lib/x86_64-linux-gnu/cmake/Qt5Gui/Qt5GuiConfigVersion.cmake">
          <Option virtualFolder="CMake Files\..\..\..\..\..\usr\lib\x86_64-linux-gnu\cmake\Qt5Gui\" />
      </Unit>
      <Unit filename="/home/remi/ENS/CGDI/CGDI_Project/../../../../../usr/lib/x86_64-linux-gnu/cmake/Qt5Gui/Qt5GuiConfig.cmake">
          <Option virtualFolder="CMake Files\..\..\..\..\..\usr\lib\x86_64-linux-gnu\cmake\Qt5Gui\" />
      </Unit>
      <Unit filename="/home/remi/ENS/CGDI/CGDI_Project/../../../../../usr/lib/x86_64-linux-gnu/cmake/Qt5Gui/Qt5GuiConfigExtras.cmake">
          <Option virtualFolder="CMake Files\..\..\..\..\..\usr\lib\x86_64-linux-gnu\cmake\Qt5Gui\" />
      </Unit>
      <Unit filename="/home/remi/ENS/CGDI/CGDI_Project/../../../../../usr/lib/x86_64-linux-gnu/cmake/Qt5Core/Qt5CoreConfigVersion.cmake">
          <Option virtualFolder="CMake Files\..\..\..\..\..\usr\lib\x86_64-linux-gnu\cmake\Qt5Core\" />
      </Unit>
      <Unit filename="/home/remi/ENS/CGDI/CGDI_Project/../../../../../usr/lib/x86_64-linux-gnu/cmake/Qt5Core/Qt5CoreConfig.cmake">
          <Option virtualFolder="CMake Files\..\..\..\..\..\usr\lib\x86_64-linux-gnu\cmake\Qt5Core\" />
      </Unit>
      <Unit filename="/home/remi/ENS/CGDI/CGDI_Project/../../../../../usr/lib/x86_64-linux-gnu/cmake/Qt5Core/Qt5CoreConfigExtras.cmake">
          <Option virtualFolder="CMake Files\..\..\..\..\..\usr\lib\x86_64-linux-gnu\cmake\Qt5Core\" />
      </Unit>
      <Unit filename="/home/remi/ENS/CGDI/CGDI_Project/../../../../../usr/lib/x86_64-linux-gnu/cmake/Qt5Core/Qt5CoreConfigExtrasMkspecDir.cmake">
          <Option virtualFolder="CMake Files\..\..\..\..\..\usr\lib\x86_64-linux-gnu\cmake\Qt5Core\" />
      </Unit>
      <Unit filename="/home/remi/ENS/CGDI/CGDI_Project/../../../../../usr/lib/x86_64-linux-gnu/cmake/Qt5Core/Qt5CoreMacros.cmake">
          <Option virtualFolder="CMake Files\..\..\..\..\..\usr\lib\x86_64-linux-gnu\cmake\Qt5Core\" />
      </Unit>
      <Unit filename="/home/remi/ENS/CGDI/CGDI_Project/../../../../../usr/lib/x86_64-linux-gnu/cmake/Qt5OpenGL/Qt5OpenGLConfigVersion.cmake">
          <Option virtualFolder="CMake Files\..\..\..\..\..\usr\lib\x86_64-linux-gnu\cmake\Qt5OpenGL\" />
      </Unit>
      <Unit filename="/home/remi/ENS/CGDI/CGDI_Project/../../../../../usr/lib/x86_64-linux-gnu/cmake/Qt5OpenGL/Qt5OpenGLConfig.cmake">
          <Option virtualFolder="CMake Files\..\..\..\..\..\usr\lib\x86_64-linux-gnu\cmake\Qt5OpenGL\" />
      </Unit>
      <Unit filename="/home/remi/ENS/CGDI/CGDI_Project/../../../../../usr/lib/x86_64-linux-gnu/cmake/Qt5Xml/Qt5XmlConfigVersion.cmake">
          <Option virtualFolder="CMake Files\..\..\..\..\..\usr\lib\x86_64-linux-gnu\cmake\Qt5Xml\" />
      </Unit>
      <Unit filename="/home/remi/ENS/CGDI/CGDI_Project/../../../../../usr/lib/x86_64-linux-gnu/cmake/Qt5Xml/Qt5XmlConfig.cmake">
          <Option virtualFolder="CMake Files\..\..\..\..\..\usr\lib\x86_64-linux-gnu\cmake\Qt5Xml\" />
      </Unit>
   </Project>
</CodeBlocks_project_file>
